// !$*UTF8*$!
{
	archiveVersion = 1;
	classes = {
	};
	objectVersion = 46;
	objects = {

/* Begin PBXBuildFile section */
		BE4B7B81174374300096FFA8 /* libavcodec.a in Frameworks */ = {isa = PBXBuildFile; fileRef = BE4B7B72174374300096FFA8 /* libavcodec.a */; };
		BE4B7B82174374300096FFA8 /* libavdevice.a in Frameworks */ = {isa = PBXBuildFile; fileRef = BE4B7B73174374300096FFA8 /* libavdevice.a */; };
		BE4B7B83174374300096FFA8 /* libavfilter.a in Frameworks */ = {isa = PBXBuildFile; fileRef = BE4B7B74174374300096FFA8 /* libavfilter.a */; };
		BE4B7B84174374300096FFA8 /* libavformat.a in Frameworks */ = {isa = PBXBuildFile; fileRef = BE4B7B75174374300096FFA8 /* libavformat.a */; };
		BE4B7B85174374300096FFA8 /* libavutil.a in Frameworks */ = {isa = PBXBuildFile; fileRef = BE4B7B76174374300096FFA8 /* libavutil.a */; };
		BE4B7B86174374300096FFA8 /* libswresample.a in Frameworks */ = {isa = PBXBuildFile; fileRef = BE4B7B77174374300096FFA8 /* libswresample.a */; };
		BE4B7B87174374300096FFA8 /* libswscale.a in Frameworks */ = {isa = PBXBuildFile; fileRef = BE4B7B78174374300096FFA8 /* libswscale.a */; };
		BE4B7B88174374300096FFA8 /* libavcodec.pc in Resources */ = {isa = PBXBuildFile; fileRef = BE4B7B7A174374300096FFA8 /* libavcodec.pc */; };
		BE4B7B89174374300096FFA8 /* libavdevice.pc in Resources */ = {isa = PBXBuildFile; fileRef = BE4B7B7B174374300096FFA8 /* libavdevice.pc */; };
		BE4B7B8A174374300096FFA8 /* libavfilter.pc in Resources */ = {isa = PBXBuildFile; fileRef = BE4B7B7C174374300096FFA8 /* libavfilter.pc */; };
		BE4B7B8B174374300096FFA8 /* libavformat.pc in Resources */ = {isa = PBXBuildFile; fileRef = BE4B7B7D174374300096FFA8 /* libavformat.pc */; };
		BE4B7B8C174374300096FFA8 /* libavutil.pc in Resources */ = {isa = PBXBuildFile; fileRef = BE4B7B7E174374300096FFA8 /* libavutil.pc */; };
		BE4B7B8D174374300096FFA8 /* libswresample.pc in Resources */ = {isa = PBXBuildFile; fileRef = BE4B7B7F174374300096FFA8 /* libswresample.pc */; };
		BE4B7B8E174374300096FFA8 /* libswscale.pc in Resources */ = {isa = PBXBuildFile; fileRef = BE4B7B80174374300096FFA8 /* libswscale.pc */; };
		BE50621E17436FFA00D5DD6B /* b.mp3 in Resources */ = {isa = PBXBuildFile; fileRef = BE50621D17436FFA00D5DD6B /* b.mp3 */; };
		BE64D76117290B9C00B3C144 /* UIKit.framework in Frameworks */ = {isa = PBXBuildFile; fileRef = BE64D76017290B9C00B3C144 /* UIKit.framework */; };
		BE64D76317290B9C00B3C144 /* Foundation.framework in Frameworks */ = {isa = PBXBuildFile; fileRef = BE64D76217290B9C00B3C144 /* Foundation.framework */; };
		BE64D76517290B9C00B3C144 /* CoreGraphics.framework in Frameworks */ = {isa = PBXBuildFile; fileRef = BE64D76417290B9C00B3C144 /* CoreGraphics.framework */; };
		BE64D76B17290B9C00B3C144 /* InfoPlist.strings in Resources */ = {isa = PBXBuildFile; fileRef = BE64D76917290B9C00B3C144 /* InfoPlist.strings */; };
		BE64D76D17290B9C00B3C144 /* main.m in Sources */ = {isa = PBXBuildFile; fileRef = BE64D76C17290B9C00B3C144 /* main.m */; };
		BE64D77117290B9C00B3C144 /* SHAppDelegate.m in Sources */ = {isa = PBXBuildFile; fileRef = BE64D77017290B9C00B3C144 /* SHAppDelegate.m */; };
		BE64D77317290B9C00B3C144 /* Default.png in Resources */ = {isa = PBXBuildFile; fileRef = BE64D77217290B9C00B3C144 /* Default.png */; };
		BE64D77517290B9C00B3C144 /* Default@2x.png in Resources */ = {isa = PBXBuildFile; fileRef = BE64D77417290B9C00B3C144 /* Default@2x.png */; };
		BE64D77717290B9C00B3C144 /* Default-568h@2x.png in Resources */ = {isa = PBXBuildFile; fileRef = BE64D77617290B9C00B3C144 /* Default-568h@2x.png */; };
		BE64D77A17290B9C00B3C144 /* MainStoryboard.storyboard in Resources */ = {isa = PBXBuildFile; fileRef = BE64D77817290B9C00B3C144 /* MainStoryboard.storyboard */; };
		BE64D77D17290B9C00B3C144 /* SHViewController.m in Sources */ = {isa = PBXBuildFile; fileRef = BE64D77C17290B9C00B3C144 /* SHViewController.m */; };
		BE64D7E417290CA200B3C144 /* libz.1.1.3.dylib in Frameworks */ = {isa = PBXBuildFile; fileRef = BE64D7E317290CA200B3C144 /* libz.1.1.3.dylib */; };
		BE64D7E817290CDD00B3C144 /* KNFFmpegFrameReader.m in Sources */ = {isa = PBXBuildFile; fileRef = BE64D7E717290CDD00B3C144 /* KNFFmpegFrameReader.m */; };
		BE64D7EC17290EE000B3C144 /* MediaPlayer.framework in Frameworks */ = {isa = PBXBuildFile; fileRef = BE64D7EB17290EE000B3C144 /* MediaPlayer.framework */; };
		BE95349E173A095A00509691 /* KNFFMpegRTSPSender.m in Sources */ = {isa = PBXBuildFile; fileRef = BE95349D173A095A00509691 /* KNFFMpegRTSPSender.m */; };
		BED16F1E1740C5AB0031C4CC /* KNFFMpegAACEncoder.m in Sources */ = {isa = PBXBuildFile; fileRef = BED16F1D1740C5AB0031C4CC /* KNFFMpegAACEncoder.m */; };
		BED16F211740D7220031C4CC /* KNFFmpegDecoder.m in Sources */ = {isa = PBXBuildFile; fileRef = BED16F201740CC020031C4CC /* KNFFmpegDecoder.m */; };
		BED16F24174228FC0031C4CC /* g.mp3 in Resources */ = {isa = PBXBuildFile; fileRef = BED16F23174228FC0031C4CC /* g.mp3 */; };
		BED16F6117430CD40031C4CC /* libfaac.a in Frameworks */ = {isa = PBXBuildFile; fileRef = BED16F6017430CD40031C4CC /* libfaac.a */; };
		BED55A0117389E8F0060EBBA /* KNMediaPlayer.m in Sources */ = {isa = PBXBuildFile; fileRef = BED55A0017389E8F0060EBBA /* KNMediaPlayer.m */; };
/* End PBXBuildFile section */

/* Begin PBXFileReference section */
		BE4B7B21174374300096FFA8 /* avcodec.h */ = {isa = PBXFileReference; fileEncoding = 4; lastKnownFileType = sourcecode.c.h; path = avcodec.h; sourceTree = "<group>"; };
		BE4B7B22174374300096FFA8 /* avfft.h */ = {isa = PBXFileReference; fileEncoding = 4; lastKnownFileType = sourcecode.c.h; path = avfft.h; sourceTree = "<group>"; };
		BE4B7B23174374300096FFA8 /* dxva2.h */ = {isa = PBXFileReference; fileEncoding = 4; lastKnownFileType = sourcecode.c.h; path = dxva2.h; sourceTree = "<group>"; };
		BE4B7B24174374300096FFA8 /* old_codec_ids.h */ = {isa = PBXFileReference; fileEncoding = 4; lastKnownFileType = sourcecode.c.h; path = old_codec_ids.h; sourceTree = "<group>"; };
		BE4B7B25174374300096FFA8 /* vaapi.h */ = {isa = PBXFileReference; fileEncoding = 4; lastKnownFileType = sourcecode.c.h; path = vaapi.h; sourceTree = "<group>"; };
		BE4B7B26174374300096FFA8 /* vda.h */ = {isa = PBXFileReference; fileEncoding = 4; lastKnownFileType = sourcecode.c.h; path = vda.h; sourceTree = "<group>"; };
		BE4B7B27174374300096FFA8 /* vdpau.h */ = {isa = PBXFileReference; fileEncoding = 4; lastKnownFileType = sourcecode.c.h; path = vdpau.h; sourceTree = "<group>"; };
		BE4B7B28174374300096FFA8 /* version.h */ = {isa = PBXFileReference; fileEncoding = 4; lastKnownFileType = sourcecode.c.h; path = version.h; sourceTree = "<group>"; };
		BE4B7B29174374300096FFA8 /* xvmc.h */ = {isa = PBXFileReference; fileEncoding = 4; lastKnownFileType = sourcecode.c.h; path = xvmc.h; sourceTree = "<group>"; };
		BE4B7B2B174374300096FFA8 /* avdevice.h */ = {isa = PBXFileReference; fileEncoding = 4; lastKnownFileType = sourcecode.c.h; path = avdevice.h; sourceTree = "<group>"; };
		BE4B7B2C174374300096FFA8 /* version.h */ = {isa = PBXFileReference; fileEncoding = 4; lastKnownFileType = sourcecode.c.h; path = version.h; sourceTree = "<group>"; };
		BE4B7B2E174374300096FFA8 /* asrc_abuffer.h */ = {isa = PBXFileReference; fileEncoding = 4; lastKnownFileType = sourcecode.c.h; path = asrc_abuffer.h; sourceTree = "<group>"; };
		BE4B7B2F174374300096FFA8 /* avcodec.h */ = {isa = PBXFileReference; fileEncoding = 4; lastKnownFileType = sourcecode.c.h; path = avcodec.h; sourceTree = "<group>"; };
		BE4B7B30174374300096FFA8 /* avfilter.h */ = {isa = PBXFileReference; fileEncoding = 4; lastKnownFileType = sourcecode.c.h; path = avfilter.h; sourceTree = "<group>"; };
		BE4B7B31174374300096FFA8 /* avfiltergraph.h */ = {isa = PBXFileReference; fileEncoding = 4; lastKnownFileType = sourcecode.c.h; path = avfiltergraph.h; sourceTree = "<group>"; };
		BE4B7B32174374300096FFA8 /* buffersink.h */ = {isa = PBXFileReference; fileEncoding = 4; lastKnownFileType = sourcecode.c.h; path = buffersink.h; sourceTree = "<group>"; };
		BE4B7B33174374300096FFA8 /* buffersrc.h */ = {isa = PBXFileReference; fileEncoding = 4; lastKnownFileType = sourcecode.c.h; path = buffersrc.h; sourceTree = "<group>"; };
		BE4B7B34174374300096FFA8 /* version.h */ = {isa = PBXFileReference; fileEncoding = 4; lastKnownFileType = sourcecode.c.h; path = version.h; sourceTree = "<group>"; };
		BE4B7B36174374300096FFA8 /* avformat.h */ = {isa = PBXFileReference; fileEncoding = 4; lastKnownFileType = sourcecode.c.h; path = avformat.h; sourceTree = "<group>"; };
		BE4B7B37174374300096FFA8 /* avio.h */ = {isa = PBXFileReference; fileEncoding = 4; lastKnownFileType = sourcecode.c.h; path = avio.h; sourceTree = "<group>"; };
		BE4B7B38174374300096FFA8 /* version.h */ = {isa = PBXFileReference; fileEncoding = 4; lastKnownFileType = sourcecode.c.h; path = version.h; sourceTree = "<group>"; };
		BE4B7B3A174374300096FFA8 /* adler32.h */ = {isa = PBXFileReference; fileEncoding = 4; lastKnownFileType = sourcecode.c.h; path = adler32.h; sourceTree = "<group>"; };
		BE4B7B3B174374300096FFA8 /* aes.h */ = {isa = PBXFileReference; fileEncoding = 4; lastKnownFileType = sourcecode.c.h; path = aes.h; sourceTree = "<group>"; };
		BE4B7B3C174374300096FFA8 /* attributes.h */ = {isa = PBXFileReference; fileEncoding = 4; lastKnownFileType = sourcecode.c.h; path = attributes.h; sourceTree = "<group>"; };
		BE4B7B3D174374300096FFA8 /* audio_fifo.h */ = {isa = PBXFileReference; fileEncoding = 4; lastKnownFileType = sourcecode.c.h; path = audio_fifo.h; sourceTree = "<group>"; };
		BE4B7B3E174374300096FFA8 /* audioconvert.h */ = {isa = PBXFileReference; fileEncoding = 4; lastKnownFileType = sourcecode.c.h; path = audioconvert.h; sourceTree = "<group>"; };
		BE4B7B3F174374300096FFA8 /* avassert.h */ = {isa = PBXFileReference; fileEncoding = 4; lastKnownFileType = sourcecode.c.h; path = avassert.h; sourceTree = "<group>"; };
		BE4B7B40174374300096FFA8 /* avconfig.h */ = {isa = PBXFileReference; fileEncoding = 4; lastKnownFileType = sourcecode.c.h; path = avconfig.h; sourceTree = "<group>"; };
		BE4B7B41174374300096FFA8 /* avstring.h */ = {isa = PBXFileReference; fileEncoding = 4; lastKnownFileType = sourcecode.c.h; path = avstring.h; sourceTree = "<group>"; };
		BE4B7B42174374300096FFA8 /* avutil.h */ = {isa = PBXFileReference; fileEncoding = 4; lastKnownFileType = sourcecode.c.h; path = avutil.h; sourceTree = "<group>"; };
		BE4B7B43174374300096FFA8 /* base64.h */ = {isa = PBXFileReference; fileEncoding = 4; lastKnownFileType = sourcecode.c.h; path = base64.h; sourceTree = "<group>"; };
		BE4B7B44174374300096FFA8 /* blowfish.h */ = {isa = PBXFileReference; fileEncoding = 4; lastKnownFileType = sourcecode.c.h; path = blowfish.h; sourceTree = "<group>"; };
		BE4B7B45174374300096FFA8 /* bprint.h */ = {isa = PBXFileReference; fileEncoding = 4; lastKnownFileType = sourcecode.c.h; path = bprint.h; sourceTree = "<group>"; };
		BE4B7B46174374300096FFA8 /* bswap.h */ = {isa = PBXFileReference; fileEncoding = 4; lastKnownFileType = sourcecode.c.h; path = bswap.h; sourceTree = "<group>"; };
		BE4B7B47174374300096FFA8 /* buffer.h */ = {isa = PBXFileReference; fileEncoding = 4; lastKnownFileType = sourcecode.c.h; path = buffer.h; sourceTree = "<group>"; };
		BE4B7B48174374300096FFA8 /* channel_layout.h */ = {isa = PBXFileReference; fileEncoding = 4; lastKnownFileType = sourcecode.c.h; path = channel_layout.h; sourceTree = "<group>"; };
		BE4B7B49174374300096FFA8 /* common.h */ = {isa = PBXFileReference; fileEncoding = 4; lastKnownFileType = sourcecode.c.h; path = common.h; sourceTree = "<group>"; };
		BE4B7B4A174374300096FFA8 /* cpu.h */ = {isa = PBXFileReference; fileEncoding = 4; lastKnownFileType = sourcecode.c.h; path = cpu.h; sourceTree = "<group>"; };
		BE4B7B4B174374300096FFA8 /* crc.h */ = {isa = PBXFileReference; fileEncoding = 4; lastKnownFileType = sourcecode.c.h; path = crc.h; sourceTree = "<group>"; };
		BE4B7B4C174374300096FFA8 /* dict.h */ = {isa = PBXFileReference; fileEncoding = 4; lastKnownFileType = sourcecode.c.h; path = dict.h; sourceTree = "<group>"; };
		BE4B7B4D174374300096FFA8 /* error.h */ = {isa = PBXFileReference; fileEncoding = 4; lastKnownFileType = sourcecode.c.h; path = error.h; sourceTree = "<group>"; };
		BE4B7B4E174374300096FFA8 /* eval.h */ = {isa = PBXFileReference; fileEncoding = 4; lastKnownFileType = sourcecode.c.h; path = eval.h; sourceTree = "<group>"; };
		BE4B7B4F174374300096FFA8 /* fifo.h */ = {isa = PBXFileReference; fileEncoding = 4; lastKnownFileType = sourcecode.c.h; path = fifo.h; sourceTree = "<group>"; };
		BE4B7B50174374300096FFA8 /* file.h */ = {isa = PBXFileReference; fileEncoding = 4; lastKnownFileType = sourcecode.c.h; path = file.h; sourceTree = "<group>"; };
		BE4B7B51174374300096FFA8 /* frame.h */ = {isa = PBXFileReference; fileEncoding = 4; lastKnownFileType = sourcecode.c.h; path = frame.h; sourceTree = "<group>"; };
		BE4B7B52174374300096FFA8 /* hmac.h */ = {isa = PBXFileReference; fileEncoding = 4; lastKnownFileType = sourcecode.c.h; path = hmac.h; sourceTree = "<group>"; };
		BE4B7B53174374300096FFA8 /* imgutils.h */ = {isa = PBXFileReference; fileEncoding = 4; lastKnownFileType = sourcecode.c.h; path = imgutils.h; sourceTree = "<group>"; };
		BE4B7B54174374300096FFA8 /* intfloat.h */ = {isa = PBXFileReference; fileEncoding = 4; lastKnownFileType = sourcecode.c.h; path = intfloat.h; sourceTree = "<group>"; };
		BE4B7B55174374300096FFA8 /* intfloat_readwrite.h */ = {isa = PBXFileReference; fileEncoding = 4; lastKnownFileType = sourcecode.c.h; path = intfloat_readwrite.h; sourceTree = "<group>"; };
		BE4B7B56174374300096FFA8 /* intreadwrite.h */ = {isa = PBXFileReference; fileEncoding = 4; lastKnownFileType = sourcecode.c.h; path = intreadwrite.h; sourceTree = "<group>"; };
		BE4B7B57174374300096FFA8 /* lfg.h */ = {isa = PBXFileReference; fileEncoding = 4; lastKnownFileType = sourcecode.c.h; path = lfg.h; sourceTree = "<group>"; };
		BE4B7B58174374300096FFA8 /* log.h */ = {isa = PBXFileReference; fileEncoding = 4; lastKnownFileType = sourcecode.c.h; path = log.h; sourceTree = "<group>"; };
		BE4B7B59174374300096FFA8 /* lzo.h */ = {isa = PBXFileReference; fileEncoding = 4; lastKnownFileType = sourcecode.c.h; path = lzo.h; sourceTree = "<group>"; };
		BE4B7B5A174374300096FFA8 /* mathematics.h */ = {isa = PBXFileReference; fileEncoding = 4; lastKnownFileType = sourcecode.c.h; path = mathematics.h; sourceTree = "<group>"; };
		BE4B7B5B174374300096FFA8 /* md5.h */ = {isa = PBXFileReference; fileEncoding = 4; lastKnownFileType = sourcecode.c.h; path = md5.h; sourceTree = "<group>"; };
		BE4B7B5C174374300096FFA8 /* mem.h */ = {isa = PBXFileReference; fileEncoding = 4; lastKnownFileType = sourcecode.c.h; path = mem.h; sourceTree = "<group>"; };
		BE4B7B5D174374300096FFA8 /* old_pix_fmts.h */ = {isa = PBXFileReference; fileEncoding = 4; lastKnownFileType = sourcecode.c.h; path = old_pix_fmts.h; sourceTree = "<group>"; };
		BE4B7B5E174374300096FFA8 /* opt.h */ = {isa = PBXFileReference; fileEncoding = 4; lastKnownFileType = sourcecode.c.h; path = opt.h; sourceTree = "<group>"; };
		BE4B7B5F174374300096FFA8 /* parseutils.h */ = {isa = PBXFileReference; fileEncoding = 4; lastKnownFileType = sourcecode.c.h; path = parseutils.h; sourceTree = "<group>"; };
		BE4B7B60174374300096FFA8 /* pixdesc.h */ = {isa = PBXFileReference; fileEncoding = 4; lastKnownFileType = sourcecode.c.h; path = pixdesc.h; sourceTree = "<group>"; };
		BE4B7B61174374300096FFA8 /* pixfmt.h */ = {isa = PBXFileReference; fileEncoding = 4; lastKnownFileType = sourcecode.c.h; path = pixfmt.h; sourceTree = "<group>"; };
		BE4B7B62174374300096FFA8 /* random_seed.h */ = {isa = PBXFileReference; fileEncoding = 4; lastKnownFileType = sourcecode.c.h; path = random_seed.h; sourceTree = "<group>"; };
		BE4B7B63174374300096FFA8 /* rational.h */ = {isa = PBXFileReference; fileEncoding = 4; lastKnownFileType = sourcecode.c.h; path = rational.h; sourceTree = "<group>"; };
		BE4B7B64174374300096FFA8 /* samplefmt.h */ = {isa = PBXFileReference; fileEncoding = 4; lastKnownFileType = sourcecode.c.h; path = samplefmt.h; sourceTree = "<group>"; };
		BE4B7B65174374300096FFA8 /* sha.h */ = {isa = PBXFileReference; fileEncoding = 4; lastKnownFileType = sourcecode.c.h; path = sha.h; sourceTree = "<group>"; };
		BE4B7B66174374300096FFA8 /* time.h */ = {isa = PBXFileReference; fileEncoding = 4; lastKnownFileType = sourcecode.c.h; path = time.h; sourceTree = "<group>"; };
		BE4B7B67174374300096FFA8 /* timecode.h */ = {isa = PBXFileReference; fileEncoding = 4; lastKnownFileType = sourcecode.c.h; path = timecode.h; sourceTree = "<group>"; };
		BE4B7B68174374300096FFA8 /* timestamp.h */ = {isa = PBXFileReference; fileEncoding = 4; lastKnownFileType = sourcecode.c.h; path = timestamp.h; sourceTree = "<group>"; };
		BE4B7B69174374300096FFA8 /* version.h */ = {isa = PBXFileReference; fileEncoding = 4; lastKnownFileType = sourcecode.c.h; path = version.h; sourceTree = "<group>"; };
		BE4B7B6A174374300096FFA8 /* xtea.h */ = {isa = PBXFileReference; fileEncoding = 4; lastKnownFileType = sourcecode.c.h; path = xtea.h; sourceTree = "<group>"; };
		BE4B7B6C174374300096FFA8 /* swresample.h */ = {isa = PBXFileReference; fileEncoding = 4; lastKnownFileType = sourcecode.c.h; path = swresample.h; sourceTree = "<group>"; };
		BE4B7B6D174374300096FFA8 /* version.h */ = {isa = PBXFileReference; fileEncoding = 4; lastKnownFileType = sourcecode.c.h; path = version.h; sourceTree = "<group>"; };
		BE4B7B6F174374300096FFA8 /* swscale.h */ = {isa = PBXFileReference; fileEncoding = 4; lastKnownFileType = sourcecode.c.h; path = swscale.h; sourceTree = "<group>"; };
		BE4B7B70174374300096FFA8 /* version.h */ = {isa = PBXFileReference; fileEncoding = 4; lastKnownFileType = sourcecode.c.h; path = version.h; sourceTree = "<group>"; };
		BE4B7B72174374300096FFA8 /* libavcodec.a */ = {isa = PBXFileReference; lastKnownFileType = archive.ar; path = libavcodec.a; sourceTree = "<group>"; };
		BE4B7B73174374300096FFA8 /* libavdevice.a */ = {isa = PBXFileReference; lastKnownFileType = archive.ar; path = libavdevice.a; sourceTree = "<group>"; };
		BE4B7B74174374300096FFA8 /* libavfilter.a */ = {isa = PBXFileReference; lastKnownFileType = archive.ar; path = libavfilter.a; sourceTree = "<group>"; };
		BE4B7B75174374300096FFA8 /* libavformat.a */ = {isa = PBXFileReference; lastKnownFileType = archive.ar; path = libavformat.a; sourceTree = "<group>"; };
		BE4B7B76174374300096FFA8 /* libavutil.a */ = {isa = PBXFileReference; lastKnownFileType = archive.ar; path = libavutil.a; sourceTree = "<group>"; };
		BE4B7B77174374300096FFA8 /* libswresample.a */ = {isa = PBXFileReference; lastKnownFileType = archive.ar; path = libswresample.a; sourceTree = "<group>"; };
		BE4B7B78174374300096FFA8 /* libswscale.a */ = {isa = PBXFileReference; lastKnownFileType = archive.ar; path = libswscale.a; sourceTree = "<group>"; };
		BE4B7B7A174374300096FFA8 /* libavcodec.pc */ = {isa = PBXFileReference; fileEncoding = 4; lastKnownFileType = text; path = libavcodec.pc; sourceTree = "<group>"; };
		BE4B7B7B174374300096FFA8 /* libavdevice.pc */ = {isa = PBXFileReference; fileEncoding = 4; lastKnownFileType = text; path = libavdevice.pc; sourceTree = "<group>"; };
		BE4B7B7C174374300096FFA8 /* libavfilter.pc */ = {isa = PBXFileReference; fileEncoding = 4; lastKnownFileType = text; path = libavfilter.pc; sourceTree = "<group>"; };
		BE4B7B7D174374300096FFA8 /* libavformat.pc */ = {isa = PBXFileReference; fileEncoding = 4; lastKnownFileType = text; path = libavformat.pc; sourceTree = "<group>"; };
		BE4B7B7E174374300096FFA8 /* libavutil.pc */ = {isa = PBXFileReference; fileEncoding = 4; lastKnownFileType = text; path = libavutil.pc; sourceTree = "<group>"; };
		BE4B7B7F174374300096FFA8 /* libswresample.pc */ = {isa = PBXFileReference; fileEncoding = 4; lastKnownFileType = text; path = libswresample.pc; sourceTree = "<group>"; };
		BE4B7B80174374300096FFA8 /* libswscale.pc */ = {isa = PBXFileReference; fileEncoding = 4; lastKnownFileType = text; path = libswscale.pc; sourceTree = "<group>"; };
		BE50621D17436FFA00D5DD6B /* b.mp3 */ = {isa = PBXFileReference; lastKnownFileType = audio.mp3; path = b.mp3; sourceTree = "<group>"; };
		BE64D75D17290B9C00B3C144 /* RtspTest.app */ = {isa = PBXFileReference; explicitFileType = wrapper.application; includeInIndex = 0; path = RtspTest.app; sourceTree = BUILT_PRODUCTS_DIR; };
		BE64D76017290B9C00B3C144 /* UIKit.framework */ = {isa = PBXFileReference; lastKnownFileType = wrapper.framework; name = UIKit.framework; path = System/Library/Frameworks/UIKit.framework; sourceTree = SDKROOT; };
		BE64D76217290B9C00B3C144 /* Foundation.framework */ = {isa = PBXFileReference; lastKnownFileType = wrapper.framework; name = Foundation.framework; path = System/Library/Frameworks/Foundation.framework; sourceTree = SDKROOT; };
		BE64D76417290B9C00B3C144 /* CoreGraphics.framework */ = {isa = PBXFileReference; lastKnownFileType = wrapper.framework; name = CoreGraphics.framework; path = System/Library/Frameworks/CoreGraphics.framework; sourceTree = SDKROOT; };
		BE64D76817290B9C00B3C144 /* RtspTest-Info.plist */ = {isa = PBXFileReference; lastKnownFileType = text.plist.xml; path = "RtspTest-Info.plist"; sourceTree = "<group>"; };
		BE64D76A17290B9C00B3C144 /* en */ = {isa = PBXFileReference; lastKnownFileType = text.plist.strings; name = en; path = en.lproj/InfoPlist.strings; sourceTree = "<group>"; };
		BE64D76C17290B9C00B3C144 /* main.m */ = {isa = PBXFileReference; lastKnownFileType = sourcecode.c.objc; path = main.m; sourceTree = "<group>"; };
		BE64D76E17290B9C00B3C144 /* RtspTest-Prefix.pch */ = {isa = PBXFileReference; lastKnownFileType = sourcecode.c.h; path = "RtspTest-Prefix.pch"; sourceTree = "<group>"; };
		BE64D76F17290B9C00B3C144 /* SHAppDelegate.h */ = {isa = PBXFileReference; lastKnownFileType = sourcecode.c.h; path = SHAppDelegate.h; sourceTree = "<group>"; };
		BE64D77017290B9C00B3C144 /* SHAppDelegate.m */ = {isa = PBXFileReference; lastKnownFileType = sourcecode.c.objc; path = SHAppDelegate.m; sourceTree = "<group>"; };
		BE64D77217290B9C00B3C144 /* Default.png */ = {isa = PBXFileReference; lastKnownFileType = image.png; path = Default.png; sourceTree = "<group>"; };
		BE64D77417290B9C00B3C144 /* Default@2x.png */ = {isa = PBXFileReference; lastKnownFileType = image.png; path = "Default@2x.png"; sourceTree = "<group>"; };
		BE64D77617290B9C00B3C144 /* Default-568h@2x.png */ = {isa = PBXFileReference; lastKnownFileType = image.png; path = "Default-568h@2x.png"; sourceTree = "<group>"; };
		BE64D77917290B9C00B3C144 /* en */ = {isa = PBXFileReference; lastKnownFileType = file.storyboard; name = en; path = en.lproj/MainStoryboard.storyboard; sourceTree = "<group>"; };
		BE64D77B17290B9C00B3C144 /* SHViewController.h */ = {isa = PBXFileReference; lastKnownFileType = sourcecode.c.h; path = SHViewController.h; sourceTree = "<group>"; };
		BE64D77C17290B9C00B3C144 /* SHViewController.m */ = {isa = PBXFileReference; lastKnownFileType = sourcecode.c.objc; path = SHViewController.m; sourceTree = "<group>"; };
		BE64D7E317290CA200B3C144 /* libz.1.1.3.dylib */ = {isa = PBXFileReference; lastKnownFileType = "compiled.mach-o.dylib"; name = libz.1.1.3.dylib; path = usr/lib/libz.1.1.3.dylib; sourceTree = SDKROOT; };
		BE64D7E617290CDD00B3C144 /* KNFFmpegFrameReader.h */ = {isa = PBXFileReference; fileEncoding = 4; lastKnownFileType = sourcecode.c.h; path = KNFFmpegFrameReader.h; sourceTree = "<group>"; };
		BE64D7E717290CDD00B3C144 /* KNFFmpegFrameReader.m */ = {isa = PBXFileReference; fileEncoding = 4; lastKnownFileType = sourcecode.c.objc; path = KNFFmpegFrameReader.m; sourceTree = "<group>"; };
		BE64D7EB17290EE000B3C144 /* MediaPlayer.framework */ = {isa = PBXFileReference; lastKnownFileType = wrapper.framework; name = MediaPlayer.framework; path = System/Library/Frameworks/MediaPlayer.framework; sourceTree = SDKROOT; };
		BE95349C173A095A00509691 /* KNFFMpegRTSPSender.h */ = {isa = PBXFileReference; fileEncoding = 4; lastKnownFileType = sourcecode.c.h; path = KNFFMpegRTSPSender.h; sourceTree = "<group>"; };
		BE95349D173A095A00509691 /* KNFFMpegRTSPSender.m */ = {isa = PBXFileReference; fileEncoding = 4; lastKnownFileType = sourcecode.c.objc; path = KNFFMpegRTSPSender.m; sourceTree = "<group>"; };
		BED16F1C1740C5AB0031C4CC /* KNFFMpegAACEncoder.h */ = {isa = PBXFileReference; fileEncoding = 4; lastKnownFileType = sourcecode.c.h; path = KNFFMpegAACEncoder.h; sourceTree = "<group>"; };
		BED16F1D1740C5AB0031C4CC /* KNFFMpegAACEncoder.m */ = {isa = PBXFileReference; fileEncoding = 4; lastKnownFileType = sourcecode.c.objc; path = KNFFMpegAACEncoder.m; sourceTree = "<group>"; };
		BED16F1F1740CC020031C4CC /* KNFFmpegDecoder.h */ = {isa = PBXFileReference; lastKnownFileType = sourcecode.c.h; path = KNFFmpegDecoder.h; sourceTree = "<group>"; };
		BED16F201740CC020031C4CC /* KNFFmpegDecoder.m */ = {isa = PBXFileReference; lastKnownFileType = sourcecode.c.objc; path = KNFFmpegDecoder.m; sourceTree = "<group>"; };
		BED16F23174228FC0031C4CC /* g.mp3 */ = {isa = PBXFileReference; lastKnownFileType = audio.mp3; path = g.mp3; sourceTree = "<group>"; };
		BED16F5D17430CD40031C4CC /* faac.h */ = {isa = PBXFileReference; fileEncoding = 4; lastKnownFileType = sourcecode.c.h; path = faac.h; sourceTree = "<group>"; };
		BED16F5E17430CD40031C4CC /* faaccfg.h */ = {isa = PBXFileReference; fileEncoding = 4; lastKnownFileType = sourcecode.c.h; path = faaccfg.h; sourceTree = "<group>"; };
		BED16F6017430CD40031C4CC /* libfaac.a */ = {isa = PBXFileReference; lastKnownFileType = archive.ar; path = libfaac.a; sourceTree = "<group>"; };
		BED559FF17389E8F0060EBBA /* KNMediaPlayer.h */ = {isa = PBXFileReference; fileEncoding = 4; lastKnownFileType = sourcecode.c.h; path = KNMediaPlayer.h; sourceTree = "<group>"; };
		BED55A0017389E8F0060EBBA /* KNMediaPlayer.m */ = {isa = PBXFileReference; fileEncoding = 4; lastKnownFileType = sourcecode.c.objc; path = KNMediaPlayer.m; sourceTree = "<group>"; };
/* End PBXFileReference section */

/* Begin PBXFrameworksBuildPhase section */
		BE64D75A17290B9C00B3C144 /* Frameworks */ = {
			isa = PBXFrameworksBuildPhase;
			buildActionMask = 2147483647;
			files = (
				BE64D7EC17290EE000B3C144 /* MediaPlayer.framework in Frameworks */,
				BE64D7E417290CA200B3C144 /* libz.1.1.3.dylib in Frameworks */,
				BE64D76117290B9C00B3C144 /* UIKit.framework in Frameworks */,
				BE64D76317290B9C00B3C144 /* Foundation.framework in Frameworks */,
				BE64D76517290B9C00B3C144 /* CoreGraphics.framework in Frameworks */,
				BED16F6117430CD40031C4CC /* libfaac.a in Frameworks */,
				BE4B7B81174374300096FFA8 /* libavcodec.a in Frameworks */,
				BE4B7B82174374300096FFA8 /* libavdevice.a in Frameworks */,
				BE4B7B83174374300096FFA8 /* libavfilter.a in Frameworks */,
				BE4B7B84174374300096FFA8 /* libavformat.a in Frameworks */,
				BE4B7B85174374300096FFA8 /* libavutil.a in Frameworks */,
				BE4B7B86174374300096FFA8 /* libswresample.a in Frameworks */,
				BE4B7B87174374300096FFA8 /* libswscale.a in Frameworks */,
			);
			runOnlyForDeploymentPostprocessing = 0;
		};
/* End PBXFrameworksBuildPhase section */

/* Begin PBXGroup section */
		BE4B7B1E174374300096FFA8 /* FFmpeg_Angel */ = {
			isa = PBXGroup;
			children = (
				BE4B7B1F174374300096FFA8 /* include */,
				BE4B7B71174374300096FFA8 /* lib */,
			);
			path = FFmpeg_Angel;
			sourceTree = "<group>";
		};
		BE4B7B1F174374300096FFA8 /* include */ = {
			isa = PBXGroup;
			children = (
				BE4B7B20174374300096FFA8 /* libavcodec */,
				BE4B7B2A174374300096FFA8 /* libavdevice */,
				BE4B7B2D174374300096FFA8 /* libavfilter */,
				BE4B7B35174374300096FFA8 /* libavformat */,
				BE4B7B39174374300096FFA8 /* libavutil */,
				BE4B7B6B174374300096FFA8 /* libswresample */,
				BE4B7B6E174374300096FFA8 /* libswscale */,
			);
			path = include;
			sourceTree = "<group>";
		};
		BE4B7B20174374300096FFA8 /* libavcodec */ = {
			isa = PBXGroup;
			children = (
				BE4B7B21174374300096FFA8 /* avcodec.h */,
				BE4B7B22174374300096FFA8 /* avfft.h */,
				BE4B7B23174374300096FFA8 /* dxva2.h */,
				BE4B7B24174374300096FFA8 /* old_codec_ids.h */,
				BE4B7B25174374300096FFA8 /* vaapi.h */,
				BE4B7B26174374300096FFA8 /* vda.h */,
				BE4B7B27174374300096FFA8 /* vdpau.h */,
				BE4B7B28174374300096FFA8 /* version.h */,
				BE4B7B29174374300096FFA8 /* xvmc.h */,
			);
			path = libavcodec;
			sourceTree = "<group>";
		};
		BE4B7B2A174374300096FFA8 /* libavdevice */ = {
			isa = PBXGroup;
			children = (
				BE4B7B2B174374300096FFA8 /* avdevice.h */,
				BE4B7B2C174374300096FFA8 /* version.h */,
			);
			path = libavdevice;
			sourceTree = "<group>";
		};
		BE4B7B2D174374300096FFA8 /* libavfilter */ = {
			isa = PBXGroup;
			children = (
				BE4B7B2E174374300096FFA8 /* asrc_abuffer.h */,
				BE4B7B2F174374300096FFA8 /* avcodec.h */,
				BE4B7B30174374300096FFA8 /* avfilter.h */,
				BE4B7B31174374300096FFA8 /* avfiltergraph.h */,
				BE4B7B32174374300096FFA8 /* buffersink.h */,
				BE4B7B33174374300096FFA8 /* buffersrc.h */,
				BE4B7B34174374300096FFA8 /* version.h */,
			);
			path = libavfilter;
			sourceTree = "<group>";
		};
		BE4B7B35174374300096FFA8 /* libavformat */ = {
			isa = PBXGroup;
			children = (
				BE4B7B36174374300096FFA8 /* avformat.h */,
				BE4B7B37174374300096FFA8 /* avio.h */,
				BE4B7B38174374300096FFA8 /* version.h */,
			);
			path = libavformat;
			sourceTree = "<group>";
		};
		BE4B7B39174374300096FFA8 /* libavutil */ = {
			isa = PBXGroup;
			children = (
				BE4B7B3A174374300096FFA8 /* adler32.h */,
				BE4B7B3B174374300096FFA8 /* aes.h */,
				BE4B7B3C174374300096FFA8 /* attributes.h */,
				BE4B7B3D174374300096FFA8 /* audio_fifo.h */,
				BE4B7B3E174374300096FFA8 /* audioconvert.h */,
				BE4B7B3F174374300096FFA8 /* avassert.h */,
				BE4B7B40174374300096FFA8 /* avconfig.h */,
				BE4B7B41174374300096FFA8 /* avstring.h */,
				BE4B7B42174374300096FFA8 /* avutil.h */,
				BE4B7B43174374300096FFA8 /* base64.h */,
				BE4B7B44174374300096FFA8 /* blowfish.h */,
				BE4B7B45174374300096FFA8 /* bprint.h */,
				BE4B7B46174374300096FFA8 /* bswap.h */,
				BE4B7B47174374300096FFA8 /* buffer.h */,
				BE4B7B48174374300096FFA8 /* channel_layout.h */,
				BE4B7B49174374300096FFA8 /* common.h */,
				BE4B7B4A174374300096FFA8 /* cpu.h */,
				BE4B7B4B174374300096FFA8 /* crc.h */,
				BE4B7B4C174374300096FFA8 /* dict.h */,
				BE4B7B4D174374300096FFA8 /* error.h */,
				BE4B7B4E174374300096FFA8 /* eval.h */,
				BE4B7B4F174374300096FFA8 /* fifo.h */,
				BE4B7B50174374300096FFA8 /* file.h */,
				BE4B7B51174374300096FFA8 /* frame.h */,
				BE4B7B52174374300096FFA8 /* hmac.h */,
				BE4B7B53174374300096FFA8 /* imgutils.h */,
				BE4B7B54174374300096FFA8 /* intfloat.h */,
				BE4B7B55174374300096FFA8 /* intfloat_readwrite.h */,
				BE4B7B56174374300096FFA8 /* intreadwrite.h */,
				BE4B7B57174374300096FFA8 /* lfg.h */,
				BE4B7B58174374300096FFA8 /* log.h */,
				BE4B7B59174374300096FFA8 /* lzo.h */,
				BE4B7B5A174374300096FFA8 /* mathematics.h */,
				BE4B7B5B174374300096FFA8 /* md5.h */,
				BE4B7B5C174374300096FFA8 /* mem.h */,
				BE4B7B5D174374300096FFA8 /* old_pix_fmts.h */,
				BE4B7B5E174374300096FFA8 /* opt.h */,
				BE4B7B5F174374300096FFA8 /* parseutils.h */,
				BE4B7B60174374300096FFA8 /* pixdesc.h */,
				BE4B7B61174374300096FFA8 /* pixfmt.h */,
				BE4B7B62174374300096FFA8 /* random_seed.h */,
				BE4B7B63174374300096FFA8 /* rational.h */,
				BE4B7B64174374300096FFA8 /* samplefmt.h */,
				BE4B7B65174374300096FFA8 /* sha.h */,
				BE4B7B66174374300096FFA8 /* time.h */,
				BE4B7B67174374300096FFA8 /* timecode.h */,
				BE4B7B68174374300096FFA8 /* timestamp.h */,
				BE4B7B69174374300096FFA8 /* version.h */,
				BE4B7B6A174374300096FFA8 /* xtea.h */,
			);
			path = libavutil;
			sourceTree = "<group>";
		};
		BE4B7B6B174374300096FFA8 /* libswresample */ = {
			isa = PBXGroup;
			children = (
				BE4B7B6C174374300096FFA8 /* swresample.h */,
				BE4B7B6D174374300096FFA8 /* version.h */,
			);
			path = libswresample;
			sourceTree = "<group>";
		};
		BE4B7B6E174374300096FFA8 /* libswscale */ = {
			isa = PBXGroup;
			children = (
				BE4B7B6F174374300096FFA8 /* swscale.h */,
				BE4B7B70174374300096FFA8 /* version.h */,
			);
			path = libswscale;
			sourceTree = "<group>";
		};
		BE4B7B71174374300096FFA8 /* lib */ = {
			isa = PBXGroup;
			children = (
				BE4B7B72174374300096FFA8 /* libavcodec.a */,
				BE4B7B73174374300096FFA8 /* libavdevice.a */,
				BE4B7B74174374300096FFA8 /* libavfilter.a */,
				BE4B7B75174374300096FFA8 /* libavformat.a */,
				BE4B7B76174374300096FFA8 /* libavutil.a */,
				BE4B7B77174374300096FFA8 /* libswresample.a */,
				BE4B7B78174374300096FFA8 /* libswscale.a */,
				BE4B7B79174374300096FFA8 /* pkgconfig */,
			);
			path = lib;
			sourceTree = "<group>";
		};
		BE4B7B79174374300096FFA8 /* pkgconfig */ = {
			isa = PBXGroup;
			children = (
				BE4B7B7A174374300096FFA8 /* libavcodec.pc */,
				BE4B7B7B174374300096FFA8 /* libavdevice.pc */,
				BE4B7B7C174374300096FFA8 /* libavfilter.pc */,
				BE4B7B7D174374300096FFA8 /* libavformat.pc */,
				BE4B7B7E174374300096FFA8 /* libavutil.pc */,
				BE4B7B7F174374300096FFA8 /* libswresample.pc */,
				BE4B7B80174374300096FFA8 /* libswscale.pc */,
			);
			path = pkgconfig;
			sourceTree = "<group>";
		};
		BE64D75417290B9C00B3C144 = {
			isa = PBXGroup;
			children = (
				BE50621D17436FFA00D5DD6B /* b.mp3 */,
				BED16F23174228FC0031C4CC /* g.mp3 */,
				BE4B7B1E174374300096FFA8 /* FFmpeg_Angel */,
				BED16F5B17430CD40031C4CC /* faac */,
				BE64D7E517290CDD00B3C144 /* MediaShare */,
				BE64D76617290B9C00B3C144 /* RtspTest */,
				BE64D75F17290B9C00B3C144 /* Frameworks */,
				BE64D75E17290B9C00B3C144 /* Products */,
			);
			sourceTree = "<group>";
		};
		BE64D75E17290B9C00B3C144 /* Products */ = {
			isa = PBXGroup;
			children = (
				BE64D75D17290B9C00B3C144 /* RtspTest.app */,
			);
			name = Products;
			sourceTree = "<group>";
		};
		BE64D75F17290B9C00B3C144 /* Frameworks */ = {
			isa = PBXGroup;
			children = (
				BE64D7EB17290EE000B3C144 /* MediaPlayer.framework */,
				BE64D7E317290CA200B3C144 /* libz.1.1.3.dylib */,
				BE64D76017290B9C00B3C144 /* UIKit.framework */,
				BE64D76217290B9C00B3C144 /* Foundation.framework */,
				BE64D76417290B9C00B3C144 /* CoreGraphics.framework */,
			);
			name = Frameworks;
			sourceTree = "<group>";
		};
		BE64D76617290B9C00B3C144 /* RtspTest */ = {
			isa = PBXGroup;
			children = (
				BE64D76F17290B9C00B3C144 /* SHAppDelegate.h */,
				BE64D77017290B9C00B3C144 /* SHAppDelegate.m */,
				BE64D77817290B9C00B3C144 /* MainStoryboard.storyboard */,
				BE64D77B17290B9C00B3C144 /* SHViewController.h */,
				BE64D77C17290B9C00B3C144 /* SHViewController.m */,
				BE64D76717290B9C00B3C144 /* Supporting Files */,
			);
			path = RtspTest;
			sourceTree = "<group>";
		};
		BE64D76717290B9C00B3C144 /* Supporting Files */ = {
			isa = PBXGroup;
			children = (
				BE64D76817290B9C00B3C144 /* RtspTest-Info.plist */,
				BE64D76917290B9C00B3C144 /* InfoPlist.strings */,
				BE64D76C17290B9C00B3C144 /* main.m */,
				BE64D76E17290B9C00B3C144 /* RtspTest-Prefix.pch */,
				BE64D77217290B9C00B3C144 /* Default.png */,
				BE64D77417290B9C00B3C144 /* Default@2x.png */,
				BE64D77617290B9C00B3C144 /* Default-568h@2x.png */,
			);
			name = "Supporting Files";
			sourceTree = "<group>";
		};
		BE64D7E517290CDD00B3C144 /* MediaShare */ = {
			isa = PBXGroup;
			children = (
				BE64D7E617290CDD00B3C144 /* KNFFmpegFrameReader.h */,
				BE64D7E717290CDD00B3C144 /* KNFFmpegFrameReader.m */,
				BED559FF17389E8F0060EBBA /* KNMediaPlayer.h */,
				BED55A0017389E8F0060EBBA /* KNMediaPlayer.m */,
				BE95349C173A095A00509691 /* KNFFMpegRTSPSender.h */,
				BE95349D173A095A00509691 /* KNFFMpegRTSPSender.m */,
				BED16F1C1740C5AB0031C4CC /* KNFFMpegAACEncoder.h */,
				BED16F1D1740C5AB0031C4CC /* KNFFMpegAACEncoder.m */,
				BED16F1F1740CC020031C4CC /* KNFFmpegDecoder.h */,
				BED16F201740CC020031C4CC /* KNFFmpegDecoder.m */,
			);
			path = MediaShare;
			sourceTree = "<group>";
		};
		BED16F5B17430CD40031C4CC /* faac */ = {
			isa = PBXGroup;
			children = (
				BED16F5C17430CD40031C4CC /* include */,
				BED16F5F17430CD40031C4CC /* lib */,
			);
			path = faac;
			sourceTree = "<group>";
		};
		BED16F5C17430CD40031C4CC /* include */ = {
			isa = PBXGroup;
			children = (
				BED16F5D17430CD40031C4CC /* faac.h */,
				BED16F5E17430CD40031C4CC /* faaccfg.h */,
			);
			path = include;
			sourceTree = "<group>";
		};
		BED16F5F17430CD40031C4CC /* lib */ = {
			isa = PBXGroup;
			children = (
				BED16F6017430CD40031C4CC /* libfaac.a */,
			);
			path = lib;
			sourceTree = "<group>";
		};
/* End PBXGroup section */

/* Begin PBXNativeTarget section */
		BE64D75C17290B9C00B3C144 /* RtspTest */ = {
			isa = PBXNativeTarget;
			buildConfigurationList = BE64D78017290B9C00B3C144 /* Build configuration list for PBXNativeTarget "RtspTest" */;
			buildPhases = (
				BE64D75917290B9C00B3C144 /* Sources */,
				BE64D75A17290B9C00B3C144 /* Frameworks */,
				BE64D75B17290B9C00B3C144 /* Resources */,
			);
			buildRules = (
			);
			dependencies = (
			);
			name = RtspTest;
			productName = RtspTest;
			productReference = BE64D75D17290B9C00B3C144 /* RtspTest.app */;
			productType = "com.apple.product-type.application";
		};
/* End PBXNativeTarget section */

/* Begin PBXProject section */
		BE64D75517290B9C00B3C144 /* Project object */ = {
			isa = PBXProject;
			attributes = {
				CLASSPREFIX = SH;
				LastUpgradeCheck = 0460;
				ORGANIZATIONNAME = SH;
			};
			buildConfigurationList = BE64D75817290B9C00B3C144 /* Build configuration list for PBXProject "RtspTest" */;
			compatibilityVersion = "Xcode 3.2";
			developmentRegion = English;
			hasScannedForEncodings = 0;
			knownRegions = (
				en,
			);
			mainGroup = BE64D75417290B9C00B3C144;
			productRefGroup = BE64D75E17290B9C00B3C144 /* Products */;
			projectDirPath = "";
			projectRoot = "";
			targets = (
				BE64D75C17290B9C00B3C144 /* RtspTest */,
			);
		};
/* End PBXProject section */

/* Begin PBXResourcesBuildPhase section */
		BE64D75B17290B9C00B3C144 /* Resources */ = {
			isa = PBXResourcesBuildPhase;
			buildActionMask = 2147483647;
			files = (
				BE64D76B17290B9C00B3C144 /* InfoPlist.strings in Resources */,
				BE64D77317290B9C00B3C144 /* Default.png in Resources */,
				BE64D77517290B9C00B3C144 /* Default@2x.png in Resources */,
				BE64D77717290B9C00B3C144 /* Default-568h@2x.png in Resources */,
				BE64D77A17290B9C00B3C144 /* MainStoryboard.storyboard in Resources */,
				BED16F24174228FC0031C4CC /* g.mp3 in Resources */,
				BE50621E17436FFA00D5DD6B /* b.mp3 in Resources */,
				BE4B7B88174374300096FFA8 /* libavcodec.pc in Resources */,
				BE4B7B89174374300096FFA8 /* libavdevice.pc in Resources */,
				BE4B7B8A174374300096FFA8 /* libavfilter.pc in Resources */,
				BE4B7B8B174374300096FFA8 /* libavformat.pc in Resources */,
				BE4B7B8C174374300096FFA8 /* libavutil.pc in Resources */,
				BE4B7B8D174374300096FFA8 /* libswresample.pc in Resources */,
				BE4B7B8E174374300096FFA8 /* libswscale.pc in Resources */,
			);
			runOnlyForDeploymentPostprocessing = 0;
		};
/* End PBXResourcesBuildPhase section */

/* Begin PBXSourcesBuildPhase section */
		BE64D75917290B9C00B3C144 /* Sources */ = {
			isa = PBXSourcesBuildPhase;
			buildActionMask = 2147483647;
			files = (
				BED16F211740D7220031C4CC /* KNFFmpegDecoder.m in Sources */,
				BE64D76D17290B9C00B3C144 /* main.m in Sources */,
				BE64D77117290B9C00B3C144 /* SHAppDelegate.m in Sources */,
				BE64D77D17290B9C00B3C144 /* SHViewController.m in Sources */,
				BE64D7E817290CDD00B3C144 /* KNFFmpegFrameReader.m in Sources */,
				BED55A0117389E8F0060EBBA /* KNMediaPlayer.m in Sources */,
				BE95349E173A095A00509691 /* KNFFMpegRTSPSender.m in Sources */,
				BED16F1E1740C5AB0031C4CC /* KNFFMpegAACEncoder.m in Sources */,
			);
			runOnlyForDeploymentPostprocessing = 0;
		};
/* End PBXSourcesBuildPhase section */

/* Begin PBXVariantGroup section */
		BE64D76917290B9C00B3C144 /* InfoPlist.strings */ = {
			isa = PBXVariantGroup;
			children = (
				BE64D76A17290B9C00B3C144 /* en */,
			);
			name = InfoPlist.strings;
			sourceTree = "<group>";
		};
		BE64D77817290B9C00B3C144 /* MainStoryboard.storyboard */ = {
			isa = PBXVariantGroup;
			children = (
				BE64D77917290B9C00B3C144 /* en */,
			);
			name = MainStoryboard.storyboard;
			sourceTree = "<group>";
		};
/* End PBXVariantGroup section */

/* Begin XCBuildConfiguration section */
		BE64D77E17290B9C00B3C144 /* Debug */ = {
			isa = XCBuildConfiguration;
			buildSettings = {
				ALWAYS_SEARCH_USER_PATHS = NO;
				CLANG_CXX_LANGUAGE_STANDARD = "gnu++0x";
				CLANG_CXX_LIBRARY = "libc++";
				CLANG_WARN_CONSTANT_CONVERSION = YES;
				CLANG_WARN_EMPTY_BODY = YES;
				CLANG_WARN_ENUM_CONVERSION = YES;
				CLANG_WARN_INT_CONVERSION = YES;
				CLANG_WARN__DUPLICATE_METHOD_MATCH = YES;
				"CODE_SIGN_IDENTITY[sdk=iphoneos*]" = "iPhone Developer";
				COPY_PHASE_STRIP = NO;
				GCC_C_LANGUAGE_STANDARD = gnu99;
				GCC_DYNAMIC_NO_PIC = NO;
				GCC_OPTIMIZATION_LEVEL = 0;
				GCC_PREPROCESSOR_DEFINITIONS = (
					"DEBUG=1",
					"$(inherited)",
				);
				GCC_SYMBOLS_PRIVATE_EXTERN = NO;
				GCC_WARN_ABOUT_RETURN_TYPE = YES;
				GCC_WARN_UNINITIALIZED_AUTOS = YES;
				GCC_WARN_UNUSED_VARIABLE = YES;
				IPHONEOS_DEPLOYMENT_TARGET = 5.0;
				ONLY_ACTIVE_ARCH = YES;
				SDKROOT = iphoneos;
			};
			name = Debug;
		};
		BE64D77F17290B9C00B3C144 /* Release */ = {
			isa = XCBuildConfiguration;
			buildSettings = {
				ALWAYS_SEARCH_USER_PATHS = NO;
				CLANG_CXX_LANGUAGE_STANDARD = "gnu++0x";
				CLANG_CXX_LIBRARY = "libc++";
				CLANG_WARN_CONSTANT_CONVERSION = YES;
				CLANG_WARN_EMPTY_BODY = YES;
				CLANG_WARN_ENUM_CONVERSION = YES;
				CLANG_WARN_INT_CONVERSION = YES;
				CLANG_WARN__DUPLICATE_METHOD_MATCH = YES;
				"CODE_SIGN_IDENTITY[sdk=iphoneos*]" = "iPhone Developer";
				COPY_PHASE_STRIP = YES;
				GCC_C_LANGUAGE_STANDARD = gnu99;
				GCC_WARN_ABOUT_RETURN_TYPE = YES;
				GCC_WARN_UNINITIALIZED_AUTOS = YES;
				GCC_WARN_UNUSED_VARIABLE = YES;
				IPHONEOS_DEPLOYMENT_TARGET = 5.0;
				OTHER_CFLAGS = "-DNS_BLOCK_ASSERTIONS=1";
				SDKROOT = iphoneos;
				VALIDATE_PRODUCT = YES;
			};
			name = Release;
		};
		BE64D78117290B9C00B3C144 /* Debug */ = {
			isa = XCBuildConfiguration;
			buildSettings = {
				GCC_PRECOMPILE_PREFIX_HEADER = YES;
				GCC_PREFIX_HEADER = "RtspTest/RtspTest-Prefix.pch";
				HEADER_SEARCH_PATHS = (
					./FFmpeg_Angel/include,
					./faac/include,
				);
				INFOPLIST_FILE = "RtspTest/RtspTest-Info.plist";
				LIBRARY_SEARCH_PATHS = (
					"$(inherited)",
					"\"$(SRCROOT)/FFmpeg_Angel/lib\"",
					"\"$(SRCROOT)/faac/lib\"",
				);
				PRODUCT_NAME = "$(TARGET_NAME)";
				VALID_ARCHS = armv7;
				WRAPPER_EXTENSION = app;
			};
			name = Debug;
		};
		BE64D78217290B9C00B3C144 /* Release */ = {
			isa = XCBuildConfiguration;
			buildSettings = {
				GCC_PRECOMPILE_PREFIX_HEADER = YES;
				GCC_PREFIX_HEADER = "RtspTest/RtspTest-Prefix.pch";
				HEADER_SEARCH_PATHS = (
					./FFmpeg_Angel/include,
					./faac/include,
				);
				INFOPLIST_FILE = "RtspTest/RtspTest-Info.plist";
				LIBRARY_SEARCH_PATHS = (
					"$(inherited)",
					"\"$(SRCROOT)/FFmpeg_Angel/lib\"",
					"\"$(SRCROOT)/faac/lib\"",
				);
				PRODUCT_NAME = "$(TARGET_NAME)";
				VALID_ARCHS = armv7;
				WRAPPER_EXTENSION = app;
			};
			name = Release;
		};
/* End XCBuildConfiguration section */

/* Begin XCConfigurationList section */
		BE64D75817290B9C00B3C144 /* Build configuration list for PBXProject "RtspTest" */ = {
			isa = XCConfigurationList;
			buildConfigurations = (
				BE64D77E17290B9C00B3C144 /* Debug */,
				BE64D77F17290B9C00B3C144 /* Release */,
			);
			defaultConfigurationIsVisible = 0;
			defaultConfigurationName = Release;
		};
		BE64D78017290B9C00B3C144 /* Build configuration list for PBXNativeTarget "RtspTest" */ = {
			isa = XCConfigurationList;
			buildConfigurations = (
				BE64D78117290B9C00B3C144 /* Debug */,
				BE64D78217290B9C00B3C144 /* Release */,
			);
			defaultConfigurationIsVisible = 0;
			defaultConfigurationName = Release;
		};
/* End XCConfigurationList section */
	};
	rootObject = BE64D75517290B9C00B3C144 /* Project object */;
}
